
Microsoft Visual Studio Solution File, Format Version 12.00
# Visual Studio Version 17
VisualStudioVersion = 17.14.36127.28
MinimumVisualStudioVersion = 10.0.40219.1
Project("{FAE04EC0-301F-11D3-BF4B-00C04F79EFBC}") = "WaHub", "src\WaHub\WaHub.csproj", "{8DE67ADB-EEAB-4C7F-A6AF-CC2AB97A8113}"
EndProject
Project("{FAE04EC0-301F-11D3-BF4B-00C04F79EFBC}") = "WaHub.Client", "src\WaHub.Client\WaHub.Client.csproj", "{924D9A41-A4CD-481E-8D00-884A66455145}"
EndProject
Project("{FAE04EC0-301F-11D3-BF4B-00C04F79EFBC}") = "WaHub.Shared", "src\WaHub.Shared\WaHub.Shared.csproj", "{2F585D93-742F-4E77-AAEF-05DDFEC5BFD3}"
EndProject
Global
	GlobalSection(SolutionConfigurationPlatforms) = preSolution
		Debug|Any CPU = Debug|Any CPU
		Release|Any CPU = Release|Any CPU
	EndGlobalSection
	GlobalSection(ProjectConfigurationPlatforms) = postSolution
		{8DE67ADB-EEAB-4C7F-A6AF-CC2AB97A8113}.Debug|Any CPU.ActiveCfg = Debug|Any CPU
		{8DE67ADB-EEAB-4C7F-A6AF-CC2AB97A8113}.Debug|Any CPU.Build.0 = Debug|Any CPU
		{8DE67ADB-EEAB-4C7F-A6AF-CC2AB97A8113}.Release|Any CPU.ActiveCfg = Release|Any CPU
		{8DE67ADB-EEAB-4C7F-A6AF-CC2AB97A8113}.Release|Any CPU.Build.0 = Release|Any CPU
		{924D9A41-A4CD-481E-8D00-884A66455145}.Debug|Any CPU.ActiveCfg = Debug|Any CPU
		{924D9A41-A4CD-481E-8D00-884A66455145}.Debug|Any CPU.Build.0 = Debug|Any CPU
		{924D9A41-A4CD-481E-8D00-884A66455145}.Release|Any CPU.ActiveCfg = Release|Any CPU
		{924D9A41-A4CD-481E-8D00-884A66455145}.Release|Any CPU.Build.0 = Release|Any CPU
		{2F585D93-742F-4E77-AAEF-05DDFEC5BFD3}.Debug|Any CPU.ActiveCfg = Debug|Any CPU
		{2F585D93-742F-4E77-AAEF-05DDFEC5BFD3}.Debug|Any CPU.Build.0 = Debug|Any CPU
		{2F585D93-742F-4E77-AAEF-05DDFEC5BFD3}.Release|Any CPU.ActiveCfg = Release|Any CPU
		{2F585D93-742F-4E77-AAEF-05DDFEC5BFD3}.Release|Any CPU.Build.0 = Release|Any CPU
	EndGlobalSection
	GlobalSection(SolutionProperties) = preSolution
		HideSolutionNode = FALSE
	EndGlobalSection
	GlobalSection(ExtensibilityGlobals) = postSolution
		SolutionGuid = {97764568-0386-4EFC-B462-CA5CBD1B2083}
	EndGlobalSection
EndGlobal
